warning: in the working copy of 'yarn.lock', LF will be replaced by CRLF the next time Git touches it
[1mdiff --git a/yarn.lock b/yarn.lock[m
[1mindex d84c9fe..17cacbe 100644[m
[1m--- a/yarn.lock[m
[1m+++ b/yarn.lock[m
[36m@@ -3,30 +3,30 @@[m
 [m
 [m
 "@apideck/better-ajv-errors@^0.3.1":[m
[31m-  "integrity" "sha512-9o+HO2MbJhJHjDYZaDxJmSDckvDpiuItEsrIShV0DXeCshXWRHhqYyU/PKHMkuClOmFnZhRd6wzv4vpDu/dRKg=="[m
[31m-  "resolved" "https://registry.npmjs.org/@apideck/better-ajv-errors/-/better-ajv-errors-0.3.3.tgz"[m
[31m-  "version" "0.3.3"[m
[32m+[m[32m  version "0.3.3"[m
[32m+[m[32m  resolved "https://registry.npmjs.org/@apideck/better-ajv-errors/-/better-ajv-errors-0.3.3.tgz"[m
[32m+[m[32m  integrity sha512-9o+HO2MbJhJHjDYZaDxJmSDckvDpiuItEsrIShV0DXeCshXWRHhqYyU/PKHMkuClOmFnZhRd6wzv4vpDu/dRKg==[m
   dependencies:[m
[31m-    "json-schema" "^0.4.0"[m
[31m-    "jsonpointer" "^5.0.0"[m
[31m-    "leven" "^3.1.0"[m
[32m+[m[32m    json-schema "^0.4.0"[m
[32m+[m[32m    jsonpointer "^5.0.0"[m
[32m+[m[32m    leven "^3.1.0"[m
 [m
 "@babel/code-frame@^7.0.0", "@babel/code-frame@^7.10.4", "@babel/code-frame@^7.12.13", "@babel/code-frame@^7.16.0", "@babel/code-frame@^7.16.7", "@babel/code-frame@^7.8.3":[m
[31m-  "integrity" "sha512-iAXqUn8IIeBTNd72xsFlgaXHkMBMt6y4HJp1tIaK465CWLT/fG1aqB7ykr95gHHmlBdGbFeWWfyB4NJJ0nmeIg=="[m
[31m-  "resolved" "https://registry.npmjs.org/@babel/code-frame/-/code-frame-7.16.7.tgz"[m
[31m-  "version" "7.16.7"[m
[32m+[m[32m  version "7.16.7"[m
[32m+[m[32m  resolved "https://registry.npmjs.org/@babel/code-frame/-/code-frame-7.16.7.tgz"[m
[32m+[m[32m  integrity sha512-iAXqUn8IIeBTNd72xsFlgaXHkMBMt6y4HJp1tIaK465CWLT/fG1aqB7ykr95gHHmlBdGbFeWWfyB4NJJ0nmeIg==[m
   dependencies:[m
     "@babel/highlight" "^7.16.7"[m
 [m
 "@babel/compat-data@^7.13.11", "@babel/compat-data@^7.16.8", "@babel/compat-data@^7.17.0", "@babel/compat-data@^7.17.7":[m
[31m-  "integrity" "sha512-p8pdE6j0a29TNGebNm7NzYZWB3xVZJBZ7XGs42uAKzQo8VQ3F0By/cQCtUEABwIqw5zo6WA4NbmxsfzADzMKnQ=="[m
[31m-  "resolved" "https://registry.npmjs.org/@babel/compat-data/-/compat-data-7.17.7.tgz"[m
[31m-  "version" "7.17.7"[m
[32m+[m[32m  version "7.17.7"[m
[32m+[m[32m  resolved "https://registry.npmjs.org/@babel/compat-data/-/compat-data-7.17.7.tgz"[m
[32m+[m[32m  integrity sha512-p8pdE6j0a29TNGebNm7NzYZWB3xVZJBZ7XGs42uAKzQo8VQ3F0By/cQCtUEABwIqw5zo6WA4NbmxsfzADzMKnQ==[m
 [m
 "@babel/core@^7.0.0", "@babel/core@^7.0.0-0", "@babel/core@^7.1.0", "@babel/core@^7.11.1", "@babel/core@^7.12.0", "@babel/core@^7.12.3", "@babel/core@^7.13.0", "@babel/core@^7.16.0", "@babel/core@^7.4.0-0", "@babel/core@^7.7.2", "@babel/core@^7.8.0", "@babel/core@>=7.11.0":[m
[31m-  "integrity" "sha512-mYZEvshBRHGsIAiyH5PzCFTCfbWfoYbO/jcSdXQSUQu1/pW0xDZAUP7KEc32heqWTAfAHhV9j1vH8Sav7l+JNQ=="[m
[31m-  "resolved" "https://registry.npmjs.org/@babel/core/-/core-7.16.0.tgz"[m
[31m-  "version" "7.16.0"[m
[32m+[m[32m  version "7.16.0"[m
[32m+[m[32m  resolved "https://registry.npmjs.org/@babel/core/-/core-7.16.0.tgz"[m
[32m+[m[32m  integrity sha512-mYZEvshBRHGsIAiyH5PzCFTCfbWfoYbO/jcSdXQSUQu1/pW0xDZAUP7KEc32heqWTAfAHhV9j1vH8Sav7l+JNQ==[m
   dependencies:[m
     "@babel/code-frame" "^7.16.0"[m
     "@babel/generator" "^7.16.0"[m
[36m@@ -37,60 +37,60 @@[m
     "@babel/template" "^7.16.0"[m
     "@babel/traverse" "^7.16.0"[m
     "@babel/types" "^7.16.0"[m
[31m-    "convert-source-map" "^1.7.0"[m
[31m-    "debug" "^4.1.0"[m
[31m-    "gensync" "^1.0.0-beta.2"[m
[31m-    "json5" "^2.1.2"[m
[31m-    "semver" "^6.3.0"[m
[31m-    "source-map" "^0.5.0"[m
[32m+[m[32m    convert-source-map "^1.7.0"[m
[32m+[m[32m    debug "^4.1.0"[m
[32m+[m[32m    gensync "^1.0.0-beta.2"[m
[32m+[m[32m    json5 "^2.1.2"[m
[32m+[m[32m    semver "^6.3.0"[m
[32m+[m[32m    source-map "^0.5.0"[m
 [m
 "@babel/eslint-parser@^7.16.3":[m
[31m-  "integrity" "sha512-PUEJ7ZBXbRkbq3qqM/jZ2nIuakUBqCYc7Qf52Lj7dlZ6zERnqisdHioL0l4wwQZnmskMeasqUNzLBFKs3nylXA=="[m
[31m-  "resolved" "https://registry.npmjs.org/@babel/eslint-parser/-/eslint-parser-7.17.0.tgz"[m
[31m-  "version" "7.17.0"[m
[32m+[m[32m  version "7.17.0"[m
[32m+[m[32m  resolved "https://registry.npmjs.org/@babel/eslint-parser/-/eslint-parser-7.17.0.tgz"[m
[32m+[m[32m  integrity sha512-PUEJ7ZBXbRkbq3qqM/jZ2nIuakUBqCYc7Qf52Lj7dlZ6zERnqisdHioL0l4wwQZnmskMeasqUNzLBFKs3nylXA==[m
   dependencies:[m
[31m-    "eslint-scope" "^5.1.1"[m
[31m-    "eslint-visitor-keys" "^2.1.0"[m
[31m-    "semver" "^6.3.0"[m
[32m+[m[32m    eslint-scope "^5.1.1"[m
[32m+[m[32m    eslint-visitor-keys "^2.1.0"[m
[32m+[m[32m    semver "^6.3.0"[m
 [m
 "@babel/generator@^7.16.0", "@babel/generator@^7.17.3", "@babel/generator@^7.7.2":[m
[31m-  "integrity" "sha512-oLcVCTeIFadUoArDTwpluncplrYBmTCCZZgXCbgNGvOBBiSDDK3eWO4b/+eOTli5tKv1lg+a5/NAXg+nTcei1w=="[m
[31m-  "resolved" "https://registry.npmjs.org/@babel/generator/-/generator-7.17.7.tgz"[m
[31m-  "version" "7.17.7"[m
[32m+[m[32m  version "7.17.7"[m
[32m+[m[32m  resolved "https://registry.npmjs.org/@babel/generator/-/generator-7.17.7.tgz"[m
[32m+[m[32m  integrity sha512-oLcVCTeIFadUoArDTwpluncplrYBmTCCZZgXCbgNGvOBBiSDDK3eWO4b/+eOTli5tKv1lg+a5/NAXg+nTcei1w==[m
   dependencies:[m
     "@babel/types" "^7.17.0"[m
[31m-    "jsesc" "^2.5.1"[m
[31m-    "source-map" "^0.5.0"[m
[32m+[m[32m    jsesc "^2.5.1"[m
[32m+[m[32m    source-map "^0.5.0"[m
 [m
 "@babel/helper-annotate-as-pure@^7.16.0", "@babel/helper-annotate-as-pure@^7.16.7":[m
[31m-  "integrity" "sha512-s6t2w/IPQVTAET1HitoowRGXooX8mCgtuP5195wD/QJPV6wYjpujCGF7JuMODVX2ZAJOf1GT6DT9MHEZvLOFSw=="[m
[31m-  "resolved" "https://registry.npmjs.org/@babel/helper-annotate-as-pure/-/helper-annotate-as-pure-7.16.7.tgz"[m
[31m-  "version" "7.16.7"[m
[32m+[m[32m  version "7.16.7"[m
[32m+[m[32m  resolved "https://registry.npmjs.org/@babel/helper-annotate-as-pure/-/helper-annotate-as-pure-7.16.7.tgz"[m
[32m+[m[32m  integrity sha512-s6t2w/IPQVTAET1HitoowRGXooX8mCgtuP5195wD/QJPV6wYjpujCGF7JuMODVX2ZAJOf1GT6DT9MHEZvLOFSw==[m
   dependencies:[m
     "@babel/types" "^7.16.7"[m
 [m
 "@babel/helper-builder-binary-assignment-operator-visitor@^7.16.7":[m
[31m-  "integrity" "sha512-C6FdbRaxYjwVu/geKW4ZeQ0Q31AftgRcdSnZ5/jsH6BzCJbtvXvhpfkbkThYSuutZA7nCXpPR6AD9zd1dprMkA=="[m
[31m-  "resolved" "https://registry.npmjs.org/@babel/helper-builder-binary-assignment-operator-visitor/-/helper-builder-binary-assignment-operator-visitor-7.16.7.tgz"[m
[31m-  "version" "7.16.7"[m
[32m+[m[32m  version "7.16.7"[m
[32m+[m[32m  resolved "https://registry.npmjs.org/@babel/helper-builder-binary-assignment-operator-visitor/-/helper-builder-binary-assignment-operator-visitor-7.16.7.tgz"[m
[32m+[m[32m  integrity sha512-C6FdbRaxYjwVu/geKW4ZeQ0Q31AftgRcdSnZ5/jsH6BzCJbtvXvhpfkbkThYSuutZA7nCXpPR6AD9zd1dprMkA==[m
   dependencies:[m
     "@babel/helper-explode-assignable-expression" "^7.16.7"[m
     "@babel/types" "^7.16.7"[m
 [m
 "@babel/helper-compilation-targets@^7.13.0", "@babel/helper-compilation-targets@^7.16.0", "@babel/helper-compilation-targets@^7.16.7":[m
[31m-  "integrity" "sha512-UFzlz2jjd8kroj0hmCFV5zr+tQPi1dpC2cRsDV/3IEW8bJfCPrPpmcSN6ZS8RqIq4LXcmpipCQFPddyFA5Yc7w=="[m
[31m-  "resolved" "https://registry.npmjs.org/@babel/helper-compilation-targets/-/helper-compilation-targets-7.17.7.tgz"[m
[31m-  "version" "7.17.7"[m
[32m+[m[32m  version "7.17.7"[m
[32m+[m[32m  resolved "https://registry.npmjs.org/@babel/helper-compilation-targets/-/helper-compilation-targets-7.17.7.tgz"[m
[32m+[m[32m  integrity sha512-UFzlz2jjd8kroj0hmCFV5zr+tQPi1dpC2cRsDV/3IEW8bJfCPrPpmcSN6ZS8RqIq4LXcmpipCQFPddyFA5Yc7w==[m
   dependencies:[m
     "@babel/compat-data" "^7.17.7"[m
     "@babel/helper-validator-option" "^7.16.7"[m
[31m-    "browserslist" "^4.17.5"[m
[31m-    "semver" "^6.3.0"[m
[32m+[m[32m    browserslist "^4.17.5"[m
[32m+[m[32m    semver "^6.3.0"[m
 [m
 "@babel/helper-create-class-features-plugin@^7.16.10", "@babel/helper-create-class-features-plugin@^7.16.7", "@babel/helper-create-class-features-plu